
Microsoft Visual Studio Solution File, Format Version 12.00
# Visual Studio Version 16
VisualStudioVersion = 16.0.29806.167
MinimumVisualStudioVersion = 10.0.40219.1
Project("{9A19103F-16F7-4668-BE54-9A1E7A4F7556}") = "RegularExpressions.Transformer", "RegularExpressions.Transformer\RegularExpressions.Transformer.csproj", "{7DD0CB6B-F8B0-4994-ADD2-254DAAE51C40}"
EndProject
Project("{9A19103F-16F7-4668-BE54-9A1E7A4F7556}") = "RegularExpressions.Transformer.CSharpToCpp", "RegularExpressions.Transformer.CSharpToCpp\RegularExpressions.Transformer.CSharpToCpp.csproj", "{860BDACB-13BF-4B01-AA4F-A72F1A5273D0}"
EndProject
Project("{9A19103F-16F7-4668-BE54-9A1E7A4F7556}") = "CSharpToCppTranslator", "CSharpToCppTranslator\CSharpToCppTranslator.csproj", "{5FD372AA-15CB-47FF-8DAB-3678A751EF99}"
EndProject
Project("{9A19103F-16F7-4668-BE54-9A1E7A4F7556}") = "Platform.Interfaces", "Platform.Interfaces\Platform.Interfaces.csproj", "{C05000F1-C620-4781-9733-95CD32EB1A25}"
	ProjectSection(ProjectDependencies) = postProject
		{5FD372AA-15CB-47FF-8DAB-3678A751EF99} = {5FD372AA-15CB-47FF-8DAB-3678A751EF99}
	EndProjectSection
EndProject
Project("{8BC9CEB8-8B4A-11D0-8D11-00A0C91BC942}") = "Platform.Interfaces.TemplateLibrary", "..\..\Interfaces\cpp\Platform.Interfaces\Platform.Interfaces.TemplateLibrary.vcxproj", "{9E967B6A-E518-4A44-ABC6-3162C0D8F3A4}"
	ProjectSection(ProjectDependencies) = postProject
		{C05000F1-C620-4781-9733-95CD32EB1A25} = {C05000F1-C620-4781-9733-95CD32EB1A25}
	EndProjectSection
EndProject
Project("{8BC9CEB8-8B4A-11D0-8D11-00A0C91BC942}") = "Platform.Interfaces.TemplateLibrary.Tests", "..\..\Interfaces\cpp\Platform.Interfaces.Tests\Platform.Interfaces.TemplateLibrary.Tests.vcxproj", "{8D50757E-6191-4D9D-8B9D-263BC187E785}"
	ProjectSection(ProjectDependencies) = postProject
		{73BE1D33-D38D-46FB-B61A-C2B4BF23B045} = {73BE1D33-D38D-46FB-B61A-C2B4BF23B045}
		{9E967B6A-E518-4A44-ABC6-3162C0D8F3A4} = {9E967B6A-E518-4A44-ABC6-3162C0D8F3A4}
	EndProjectSection
EndProject
Project("{9A19103F-16F7-4668-BE54-9A1E7A4F7556}") = "Platform.Interfaces.Tests", "Platform.Interfaces.Tests\Platform.Interfaces.Tests.csproj", "{73BE1D33-D38D-46FB-B61A-C2B4BF23B045}"
EndProject
Project("{9A19103F-16F7-4668-BE54-9A1E7A4F7556}") = "Platform.Exceptions", "Platform.Exceptions\Platform.Exceptions.csproj", "{98F35339-88E4-4168-8574-586A86AA8DE5}"
	ProjectSection(ProjectDependencies) = postProject
		{5FD372AA-15CB-47FF-8DAB-3678A751EF99} = {5FD372AA-15CB-47FF-8DAB-3678A751EF99}
	EndProjectSection
EndProject
Project("{9A19103F-16F7-4668-BE54-9A1E7A4F7556}") = "Platform.Exceptions.Tests", "Platform.Exceptions.Tests\Platform.Exceptions.Tests.csproj", "{52EBF95F-C655-4683-A677-2B065045A6E3}"
EndProject
Project("{8BC9CEB8-8B4A-11D0-8D11-00A0C91BC942}") = "Platform.Exceptions.TemplateLibrary", "..\..\Exceptions\cpp\Platform.Exceptions\Platform.Exceptions.TemplateLibrary.vcxproj", "{A032E5B1-D641-4211-98C1-DE34EF72380F}"
	ProjectSection(ProjectDependencies) = postProject
		{98F35339-88E4-4168-8574-586A86AA8DE5} = {98F35339-88E4-4168-8574-586A86AA8DE5}
	EndProjectSection
EndProject
Project("{8BC9CEB8-8B4A-11D0-8D11-00A0C91BC942}") = "Platform.Exceptions.TemplateLibrary.Tests", "..\..\Exceptions\cpp\Platform.Exceptions.Tests\Platform.Exceptions.TemplateLibrary.Tests.vcxproj", "{D581C66B-13C8-48BF-B634-982C18D01DEE}"
	ProjectSection(ProjectDependencies) = postProject
		{52EBF95F-C655-4683-A677-2B065045A6E3} = {52EBF95F-C655-4683-A677-2B065045A6E3}
		{A032E5B1-D641-4211-98C1-DE34EF72380F} = {A032E5B1-D641-4211-98C1-DE34EF72380F}
	EndProjectSection
EndProject
Project("{9A19103F-16F7-4668-BE54-9A1E7A4F7556}") = "Platform.Collections.Methods", "Platform.Collections.Methods\Platform.Collections.Methods.csproj", "{D4B69084-1D65-40E8-9AA4-6895A005C7F2}"
	ProjectSection(ProjectDependencies) = postProject
		{5FD372AA-15CB-47FF-8DAB-3678A751EF99} = {5FD372AA-15CB-47FF-8DAB-3678A751EF99}
	EndProjectSection
EndProject
Project("{9A19103F-16F7-4668-BE54-9A1E7A4F7556}") = "Platform.Collections.Methods.Tests", "Platform.Collections.Methods.Tests\Platform.Collections.Methods.Tests.csproj", "{E5B94C54-B63F-48A7-A05A-7E0835B75F7E}"
EndProject
Project("{9A19103F-16F7-4668-BE54-9A1E7A4F7556}") = "Platform.Collections.Methods.Tests.Console", "Platform.Collections.Methods.Tests.Console\Platform.Collections.Methods.Tests.Console.csproj", "{2709D55F-D50F-4FE1-B14D-AA2F2B015EE7}"
EndProject
Project("{8BC9CEB8-8B4A-11D0-8D11-00A0C91BC942}") = "Platform.Collections.Methods.TemplateLibrary", "..\..\Collections.Methods\cpp\Platform.Collections.Methods\Platform.Collections.Methods.TemplateLibrary.vcxproj", "{4F0B50E4-F3B2-4C37-9624-4E096CED1B5A}"
	ProjectSection(ProjectDependencies) = postProject
		{D4B69084-1D65-40E8-9AA4-6895A005C7F2} = {D4B69084-1D65-40E8-9AA4-6895A005C7F2}
	EndProjectSection
EndProject
Project("{8BC9CEB8-8B4A-11D0-8D11-00A0C91BC942}") = "Platform.Collections.Methods.TemplateLibrary.Tests", "..\..\Collections.Methods\cpp\Platform.Collections.Methods.Tests\Platform.Collections.Methods.TemplateLibrary.Tests.vcxproj", "{A29D2221-D4BA-4CD0-9D71-0CFDF33C7582}"
	ProjectSection(ProjectDependencies) = postProject
		{E5B94C54-B63F-48A7-A05A-7E0835B75F7E} = {E5B94C54-B63F-48A7-A05A-7E0835B75F7E}
		{4F0B50E4-F3B2-4C37-9624-4E096CED1B5A} = {4F0B50E4-F3B2-4C37-9624-4E096CED1B5A}
	EndProjectSection
EndProject
Project("{8BC9CEB8-8B4A-11D0-8D11-00A0C91BC942}") = "Platform.Collections.Methods.TemplateLibrary.Tests.Console", "..\..\Collections.Methods\cpp\Platform.Collections.Methods.Tests.Console\Platform.Collections.Methods.TemplateLibrary.Tests.Console.vcxproj", "{18AA405C-8342-4F02-8933-A33F91DB4979}"
	ProjectSection(ProjectDependencies) = postProject
		{A29D2221-D4BA-4CD0-9D71-0CFDF33C7582} = {A29D2221-D4BA-4CD0-9D71-0CFDF33C7582}
	EndProjectSection
EndProject
Project("{9A19103F-16F7-4668-BE54-9A1E7A4F7556}") = "Platform.Ranges", "Platform.Ranges\Platform.Ranges.csproj", "{6B42DDC8-D7B6-4BDD-858F-CF93FCC60E7D}"
	ProjectSection(ProjectDependencies) = postProject
		{5FD372AA-15CB-47FF-8DAB-3678A751EF99} = {5FD372AA-15CB-47FF-8DAB-3678A751EF99}
	EndProjectSection
EndProject
Project("{9A19103F-16F7-4668-BE54-9A1E7A4F7556}") = "Platform.Ranges.Tests", "Platform.Ranges.Tests\Platform.Ranges.Tests.csproj", "{5F06C4F6-05A1-463D-B654-BDCD88D10E88}"
EndProject
Project("{8BC9CEB8-8B4A-11D0-8D11-00A0C91BC942}") = "Platform.Ranges.TemplateLibrary", "..\..\Ranges\cpp\Platform.Ranges\Platform.Ranges.TemplateLibrary.vcxproj", "{7ECE47B5-54D1-4A8E-B464-23B8CD3F61A4}"
	ProjectSection(ProjectDependencies) = postProject
		{6B42DDC8-D7B6-4BDD-858F-CF93FCC60E7D} = {6B42DDC8-D7B6-4BDD-858F-CF93FCC60E7D}
	EndProjectSection
EndProject
Project("{8BC9CEB8-8B4A-11D0-8D11-00A0C91BC942}") = "Platform.Ranges.TemplateLibrary.Tests", "..\..\Ranges\cpp\Platform.Ranges.Tests\Platform.Ranges.TemplateLibrary.Tests.vcxproj", "{60750081-914B-4D3F-8D1E-A2ED923099F1}"
	ProjectSection(ProjectDependencies) = postProject
		{7ECE47B5-54D1-4A8E-B464-23B8CD3F61A4} = {7ECE47B5-54D1-4A8E-B464-23B8CD3F61A4}
		{5F06C4F6-05A1-463D-B654-BDCD88D10E88} = {5F06C4F6-05A1-463D-B654-BDCD88D10E88}
	EndProjectSection
EndProject
Project("{9A19103F-16F7-4668-BE54-9A1E7A4F7556}") = "Platform.Disposables", "Platform.Disposables\Platform.Disposables.csproj", "{8BF71962-DA64-4F66-A000-846B1184ADEC}"
	ProjectSection(ProjectDependencies) = postProject
		{5FD372AA-15CB-47FF-8DAB-3678A751EF99} = {5FD372AA-15CB-47FF-8DAB-3678A751EF99}
	EndProjectSection
EndProject
Project("{8BC9CEB8-8B4A-11D0-8D11-00A0C91BC942}") = "Platform.Disposables.TemplateLibrary", "..\..\Disposables\cpp\Platform.Disposables\Platform.Disposables.TemplateLibrary.vcxproj", "{6EFA579F-D58E-445A-9E16-ACE9413FE8CA}"
	ProjectSection(ProjectDependencies) = postProject
		{8BF71962-DA64-4F66-A000-846B1184ADEC} = {8BF71962-DA64-4F66-A000-846B1184ADEC}
	EndProjectSection
EndProject
Global
	GlobalSection(SolutionConfigurationPlatforms) = preSolution
		Debug|Any CPU = Debug|Any CPU
		Debug|x64 = Debug|x64
		Debug|x86 = Debug|x86
		Release|Any CPU = Release|Any CPU
		Release|x64 = Release|x64
		Release|x86 = Release|x86
	EndGlobalSection
	GlobalSection(ProjectConfigurationPlatforms) = postSolution
		{7DD0CB6B-F8B0-4994-ADD2-254DAAE51C40}.Debug|Any CPU.ActiveCfg = Debug|Any CPU
		{7DD0CB6B-F8B0-4994-ADD2-254DAAE51C40}.Debug|Any CPU.Build.0 = Debug|Any CPU
		{7DD0CB6B-F8B0-4994-ADD2-254DAAE51C40}.Debug|x64.ActiveCfg = Debug|Any CPU
		{7DD0CB6B-F8B0-4994-ADD2-254DAAE51C40}.Debug|x64.Build.0 = Debug|Any CPU
		{7DD0CB6B-F8B0-4994-ADD2-254DAAE51C40}.Debug|x86.ActiveCfg = Debug|Any CPU
		{7DD0CB6B-F8B0-4994-ADD2-254DAAE51C40}.Debug|x86.Build.0 = Debug|Any CPU
		{7DD0CB6B-F8B0-4994-ADD2-254DAAE51C40}.Release|Any CPU.ActiveCfg = Release|Any CPU
		{7DD0CB6B-F8B0-4994-ADD2-254DAAE51C40}.Release|Any CPU.Build.0 = Release|Any CPU
		{7DD0CB6B-F8B0-4994-ADD2-254DAAE51C40}.Release|x64.ActiveCfg = Release|Any CPU
		{7DD0CB6B-F8B0-4994-ADD2-254DAAE51C40}.Release|x64.Build.0 = Release|Any CPU
		{7DD0CB6B-F8B0-4994-ADD2-254DAAE51C40}.Release|x86.ActiveCfg = Release|Any CPU
		{7DD0CB6B-F8B0-4994-ADD2-254DAAE51C40}.Release|x86.Build.0 = Release|Any CPU
		{860BDACB-13BF-4B01-AA4F-A72F1A5273D0}.Debug|Any CPU.ActiveCfg = Debug|Any CPU
		{860BDACB-13BF-4B01-AA4F-A72F1A5273D0}.Debug|Any CPU.Build.0 = Debug|Any CPU
		{860BDACB-13BF-4B01-AA4F-A72F1A5273D0}.Debug|x64.ActiveCfg = Debug|Any CPU
		{860BDACB-13BF-4B01-AA4F-A72F1A5273D0}.Debug|x64.Build.0 = Debug|Any CPU
		{860BDACB-13BF-4B01-AA4F-A72F1A5273D0}.Debug|x86.ActiveCfg = Debug|Any CPU
		{860BDACB-13BF-4B01-AA4F-A72F1A5273D0}.Debug|x86.Build.0 = Debug|Any CPU
		{860BDACB-13BF-4B01-AA4F-A72F1A5273D0}.Release|Any CPU.ActiveCfg = Release|Any CPU
		{860BDACB-13BF-4B01-AA4F-A72F1A5273D0}.Release|Any CPU.Build.0 = Release|Any CPU
		{860BDACB-13BF-4B01-AA4F-A72F1A5273D0}.Release|x64.ActiveCfg = Release|Any CPU
		{860BDACB-13BF-4B01-AA4F-A72F1A5273D0}.Release|x64.Build.0 = Release|Any CPU
		{860BDACB-13BF-4B01-AA4F-A72F1A5273D0}.Release|x86.ActiveCfg = Release|Any CPU
		{860BDACB-13BF-4B01-AA4F-A72F1A5273D0}.Release|x86.Build.0 = Release|Any CPU
		{5FD372AA-15CB-47FF-8DAB-3678A751EF99}.Debug|Any CPU.ActiveCfg = Debug|Any CPU
		{5FD372AA-15CB-47FF-8DAB-3678A751EF99}.Debug|Any CPU.Build.0 = Debug|Any CPU
		{5FD372AA-15CB-47FF-8DAB-3678A751EF99}.Debug|x64.ActiveCfg = Debug|Any CPU
		{5FD372AA-15CB-47FF-8DAB-3678A751EF99}.Debug|x64.Build.0 = Debug|Any CPU
		{5FD372AA-15CB-47FF-8DAB-3678A751EF99}.Debug|x86.ActiveCfg = Debug|Any CPU
		{5FD372AA-15CB-47FF-8DAB-3678A751EF99}.Debug|x86.Build.0 = Debug|Any CPU
		{5FD372AA-15CB-47FF-8DAB-3678A751EF99}.Release|Any CPU.ActiveCfg = Release|Any CPU
		{5FD372AA-15CB-47FF-8DAB-3678A751EF99}.Release|Any CPU.Build.0 = Release|Any CPU
		{5FD372AA-15CB-47FF-8DAB-3678A751EF99}.Release|x64.ActiveCfg = Release|Any CPU
		{5FD372AA-15CB-47FF-8DAB-3678A751EF99}.Release|x64.Build.0 = Release|Any CPU
		{5FD372AA-15CB-47FF-8DAB-3678A751EF99}.Release|x86.ActiveCfg = Release|Any CPU
		{5FD372AA-15CB-47FF-8DAB-3678A751EF99}.Release|x86.Build.0 = Release|Any CPU
		{C05000F1-C620-4781-9733-95CD32EB1A25}.Debug|Any CPU.ActiveCfg = Debug|Any CPU
		{C05000F1-C620-4781-9733-95CD32EB1A25}.Debug|Any CPU.Build.0 = Debug|Any CPU
		{C05000F1-C620-4781-9733-95CD32EB1A25}.Debug|x64.ActiveCfg = Debug|Any CPU
		{C05000F1-C620-4781-9733-95CD32EB1A25}.Debug|x64.Build.0 = Debug|Any CPU
		{C05000F1-C620-4781-9733-95CD32EB1A25}.Debug|x86.ActiveCfg = Debug|Any CPU
		{C05000F1-C620-4781-9733-95CD32EB1A25}.Debug|x86.Build.0 = Debug|Any CPU
		{C05000F1-C620-4781-9733-95CD32EB1A25}.Release|Any CPU.ActiveCfg = Release|Any CPU
		{C05000F1-C620-4781-9733-95CD32EB1A25}.Release|Any CPU.Build.0 = Release|Any CPU
		{C05000F1-C620-4781-9733-95CD32EB1A25}.Release|x64.ActiveCfg = Release|Any CPU
		{C05000F1-C620-4781-9733-95CD32EB1A25}.Release|x64.Build.0 = Release|Any CPU
		{C05000F1-C620-4781-9733-95CD32EB1A25}.Release|x86.ActiveCfg = Release|Any CPU
		{C05000F1-C620-4781-9733-95CD32EB1A25}.Release|x86.Build.0 = Release|Any CPU
		{9E967B6A-E518-4A44-ABC6-3162C0D8F3A4}.Debug|Any CPU.ActiveCfg = Debug|x64
		{9E967B6A-E518-4A44-ABC6-3162C0D8F3A4}.Debug|Any CPU.Build.0 = Debug|x64
		{9E967B6A-E518-4A44-ABC6-3162C0D8F3A4}.Debug|x64.ActiveCfg = Debug|x64
		{9E967B6A-E518-4A44-ABC6-3162C0D8F3A4}.Debug|x64.Build.0 = Debug|x64
		{9E967B6A-E518-4A44-ABC6-3162C0D8F3A4}.Debug|x86.ActiveCfg = Debug|Win32
		{9E967B6A-E518-4A44-ABC6-3162C0D8F3A4}.Debug|x86.Build.0 = Debug|Win32
		{9E967B6A-E518-4A44-ABC6-3162C0D8F3A4}.Release|Any CPU.ActiveCfg = Release|Win32
		{9E967B6A-E518-4A44-ABC6-3162C0D8F3A4}.Release|x64.ActiveCfg = Release|x64
		{9E967B6A-E518-4A44-ABC6-3162C0D8F3A4}.Release|x64.Build.0 = Release|x64
		{9E967B6A-E518-4A44-ABC6-3162C0D8F3A4}.Release|x86.ActiveCfg = Release|Win32
		{9E967B6A-E518-4A44-ABC6-3162C0D8F3A4}.Release|x86.Build.0 = Release|Win32
		{8D50757E-6191-4D9D-8B9D-263BC187E785}.Debug|Any CPU.ActiveCfg = Debug|x64
		{8D50757E-6191-4D9D-8B9D-263BC187E785}.Debug|Any CPU.Build.0 = Debug|x64
		{8D50757E-6191-4D9D-8B9D-263BC187E785}.Debug|x64.ActiveCfg = Debug|x64
		{8D50757E-6191-4D9D-8B9D-263BC187E785}.Debug|x64.Build.0 = Debug|x64
		{8D50757E-6191-4D9D-8B9D-263BC187E785}.Debug|x86.ActiveCfg = Debug|Win32
		{8D50757E-6191-4D9D-8B9D-263BC187E785}.Debug|x86.Build.0 = Debug|Win32
		{8D50757E-6191-4D9D-8B9D-263BC187E785}.Release|Any CPU.ActiveCfg = Release|Win32
		{8D50757E-6191-4D9D-8B9D-263BC187E785}.Release|x64.ActiveCfg = Release|x64
		{8D50757E-6191-4D9D-8B9D-263BC187E785}.Release|x64.Build.0 = Release|x64
		{8D50757E-6191-4D9D-8B9D-263BC187E785}.Release|x86.ActiveCfg = Release|Win32
		{8D50757E-6191-4D9D-8B9D-263BC187E785}.Release|x86.Build.0 = Release|Win32
		{73BE1D33-D38D-46FB-B61A-C2B4BF23B045}.Debug|Any CPU.ActiveCfg = Debug|Any CPU
		{73BE1D33-D38D-46FB-B61A-C2B4BF23B045}.Debug|Any CPU.Build.0 = Debug|Any CPU
		{73BE1D33-D38D-46FB-B61A-C2B4BF23B045}.Debug|x64.ActiveCfg = Debug|Any CPU
		{73BE1D33-D38D-46FB-B61A-C2B4BF23B045}.Debug|x64.Build.0 = Debug|Any CPU
		{73BE1D33-D38D-46FB-B61A-C2B4BF23B045}.Debug|x86.ActiveCfg = Debug|Any CPU
		{73BE1D33-D38D-46FB-B61A-C2B4BF23B045}.Debug|x86.Build.0 = Debug|Any CPU
		{73BE1D33-D38D-46FB-B61A-C2B4BF23B045}.Release|Any CPU.ActiveCfg = Release|Any CPU
		{73BE1D33-D38D-46FB-B61A-C2B4BF23B045}.Release|Any CPU.Build.0 = Release|Any CPU
		{73BE1D33-D38D-46FB-B61A-C2B4BF23B045}.Release|x64.ActiveCfg = Release|Any CPU
		{73BE1D33-D38D-46FB-B61A-C2B4BF23B045}.Release|x64.Build.0 = Release|Any CPU
		{73BE1D33-D38D-46FB-B61A-C2B4BF23B045}.Release|x86.ActiveCfg = Release|Any CPU
		{73BE1D33-D38D-46FB-B61A-C2B4BF23B045}.Release|x86.Build.0 = Release|Any CPU
		{98F35339-88E4-4168-8574-586A86AA8DE5}.Debug|Any CPU.ActiveCfg = Debug|Any CPU
		{98F35339-88E4-4168-8574-586A86AA8DE5}.Debug|Any CPU.Build.0 = Debug|Any CPU
		{98F35339-88E4-4168-8574-586A86AA8DE5}.Debug|x64.ActiveCfg = Debug|Any CPU
		{98F35339-88E4-4168-8574-586A86AA8DE5}.Debug|x64.Build.0 = Debug|Any CPU
		{98F35339-88E4-4168-8574-586A86AA8DE5}.Debug|x86.ActiveCfg = Debug|Any CPU
		{98F35339-88E4-4168-8574-586A86AA8DE5}.Debug|x86.Build.0 = Debug|Any CPU
		{98F35339-88E4-4168-8574-586A86AA8DE5}.Release|Any CPU.ActiveCfg = Release|Any CPU
		{98F35339-88E4-4168-8574-586A86AA8DE5}.Release|Any CPU.Build.0 = Release|Any CPU
		{98F35339-88E4-4168-8574-586A86AA8DE5}.Release|x64.ActiveCfg = Release|Any CPU
		{98F35339-88E4-4168-8574-586A86AA8DE5}.Release|x64.Build.0 = Release|Any CPU
		{98F35339-88E4-4168-8574-586A86AA8DE5}.Release|x86.ActiveCfg = Release|Any CPU
		{98F35339-88E4-4168-8574-586A86AA8DE5}.Release|x86.Build.0 = Release|Any CPU
		{52EBF95F-C655-4683-A677-2B065045A6E3}.Debug|Any CPU.ActiveCfg = Debug|Any CPU
		{52EBF95F-C655-4683-A677-2B065045A6E3}.Debug|Any CPU.Build.0 = Debug|Any CPU
		{52EBF95F-C655-4683-A677-2B065045A6E3}.Debug|x64.ActiveCfg = Debug|Any CPU
		{52EBF95F-C655-4683-A677-2B065045A6E3}.Debug|x64.Build.0 = Debug|Any CPU
		{52EBF95F-C655-4683-A677-2B065045A6E3}.Debug|x86.ActiveCfg = Debug|Any CPU
		{52EBF95F-C655-4683-A677-2B065045A6E3}.Debug|x86.Build.0 = Debug|Any CPU
		{52EBF95F-C655-4683-A677-2B065045A6E3}.Release|Any CPU.ActiveCfg = Release|Any CPU
		{52EBF95F-C655-4683-A677-2B065045A6E3}.Release|Any CPU.Build.0 = Release|Any CPU
		{52EBF95F-C655-4683-A677-2B065045A6E3}.Release|x64.ActiveCfg = Release|Any CPU
		{52EBF95F-C655-4683-A677-2B065045A6E3}.Release|x64.Build.0 = Release|Any CPU
		{52EBF95F-C655-4683-A677-2B065045A6E3}.Release|x86.ActiveCfg = Release|Any CPU
		{52EBF95F-C655-4683-A677-2B065045A6E3}.Release|x86.Build.0 = Release|Any CPU
		{A032E5B1-D641-4211-98C1-DE34EF72380F}.Debug|Any CPU.ActiveCfg = Debug|x64
		{A032E5B1-D641-4211-98C1-DE34EF72380F}.Debug|Any CPU.Build.0 = Debug|x64
		{A032E5B1-D641-4211-98C1-DE34EF72380F}.Debug|x64.ActiveCfg = Debug|x64
		{A032E5B1-D641-4211-98C1-DE34EF72380F}.Debug|x64.Build.0 = Debug|x64
		{A032E5B1-D641-4211-98C1-DE34EF72380F}.Debug|x86.ActiveCfg = Debug|Win32
		{A032E5B1-D641-4211-98C1-DE34EF72380F}.Debug|x86.Build.0 = Debug|Win32
		{A032E5B1-D641-4211-98C1-DE34EF72380F}.Release|Any CPU.ActiveCfg = Release|Win32
		{A032E5B1-D641-4211-98C1-DE34EF72380F}.Release|x64.ActiveCfg = Release|x64
		{A032E5B1-D641-4211-98C1-DE34EF72380F}.Release|x64.Build.0 = Release|x64
		{A032E5B1-D641-4211-98C1-DE34EF72380F}.Release|x86.ActiveCfg = Release|Win32
		{A032E5B1-D641-4211-98C1-DE34EF72380F}.Release|x86.Build.0 = Release|Win32
		{D581C66B-13C8-48BF-B634-982C18D01DEE}.Debug|Any CPU.ActiveCfg = Debug|x64
		{D581C66B-13C8-48BF-B634-982C18D01DEE}.Debug|Any CPU.Build.0 = Debug|x64
		{D581C66B-13C8-48BF-B634-982C18D01DEE}.Debug|x64.ActiveCfg = Debug|x64
		{D581C66B-13C8-48BF-B634-982C18D01DEE}.Debug|x64.Build.0 = Debug|x64
		{D581C66B-13C8-48BF-B634-982C18D01DEE}.Debug|x86.ActiveCfg = Debug|Win32
		{D581C66B-13C8-48BF-B634-982C18D01DEE}.Debug|x86.Build.0 = Debug|Win32
		{D581C66B-13C8-48BF-B634-982C18D01DEE}.Release|Any CPU.ActiveCfg = Release|Win32
		{D581C66B-13C8-48BF-B634-982C18D01DEE}.Release|x64.ActiveCfg = Release|x64
		{D581C66B-13C8-48BF-B634-982C18D01DEE}.Release|x64.Build.0 = Release|x64
		{D581C66B-13C8-48BF-B634-982C18D01DEE}.Release|x86.ActiveCfg = Release|Win32
		{D581C66B-13C8-48BF-B634-982C18D01DEE}.Release|x86.Build.0 = Release|Win32
		{D4B69084-1D65-40E8-9AA4-6895A005C7F2}.Debug|Any CPU.ActiveCfg = Debug|Any CPU
		{D4B69084-1D65-40E8-9AA4-6895A005C7F2}.Debug|Any CPU.Build.0 = Debug|Any CPU
		{D4B69084-1D65-40E8-9AA4-6895A005C7F2}.Debug|x64.ActiveCfg = Debug|Any CPU
		{D4B69084-1D65-40E8-9AA4-6895A005C7F2}.Debug|x64.Build.0 = Debug|Any CPU
		{D4B69084-1D65-40E8-9AA4-6895A005C7F2}.Debug|x86.ActiveCfg = Debug|Any CPU
		{D4B69084-1D65-40E8-9AA4-6895A005C7F2}.Debug|x86.Build.0 = Debug|Any CPU
		{D4B69084-1D65-40E8-9AA4-6895A005C7F2}.Release|Any CPU.ActiveCfg = Release|Any CPU
		{D4B69084-1D65-40E8-9AA4-6895A005C7F2}.Release|Any CPU.Build.0 = Release|Any CPU
		{D4B69084-1D65-40E8-9AA4-6895A005C7F2}.Release|x64.ActiveCfg = Release|Any CPU
		{D4B69084-1D65-40E8-9AA4-6895A005C7F2}.Release|x64.Build.0 = Release|Any CPU
		{D4B69084-1D65-40E8-9AA4-6895A005C7F2}.Release|x86.ActiveCfg = Release|Any CPU
		{D4B69084-1D65-40E8-9AA4-6895A005C7F2}.Release|x86.Build.0 = Release|Any CPU
		{E5B94C54-B63F-48A7-A05A-7E0835B75F7E}.Debug|Any CPU.ActiveCfg = Debug|Any CPU
		{E5B94C54-B63F-48A7-A05A-7E0835B75F7E}.Debug|Any CPU.Build.0 = Debug|Any CPU
		{E5B94C54-B63F-48A7-A05A-7E0835B75F7E}.Debug|x64.ActiveCfg = Debug|Any CPU
		{E5B94C54-B63F-48A7-A05A-7E0835B75F7E}.Debug|x64.Build.0 = Debug|Any CPU
		{E5B94C54-B63F-48A7-A05A-7E0835B75F7E}.Debug|x86.ActiveCfg = Debug|Any CPU
		{E5B94C54-B63F-48A7-A05A-7E0835B75F7E}.Debug|x86.Build.0 = Debug|Any CPU
		{E5B94C54-B63F-48A7-A05A-7E0835B75F7E}.Release|Any CPU.ActiveCfg = Release|Any CPU
		{E5B94C54-B63F-48A7-A05A-7E0835B75F7E}.Release|Any CPU.Build.0 = Release|Any CPU
		{E5B94C54-B63F-48A7-A05A-7E0835B75F7E}.Release|x64.ActiveCfg = Release|Any CPU
		{E5B94C54-B63F-48A7-A05A-7E0835B75F7E}.Release|x64.Build.0 = Release|Any CPU
		{E5B94C54-B63F-48A7-A05A-7E0835B75F7E}.Release|x86.ActiveCfg = Release|Any CPU
		{E5B94C54-B63F-48A7-A05A-7E0835B75F7E}.Release|x86.Build.0 = Release|Any CPU
		{2709D55F-D50F-4FE1-B14D-AA2F2B015EE7}.Debug|Any CPU.ActiveCfg = Debug|Any CPU
		{2709D55F-D50F-4FE1-B14D-AA2F2B015EE7}.Debug|Any CPU.Build.0 = Debug|Any CPU
		{2709D55F-D50F-4FE1-B14D-AA2F2B015EE7}.Debug|x64.ActiveCfg = Debug|Any CPU
		{2709D55F-D50F-4FE1-B14D-AA2F2B015EE7}.Debug|x64.Build.0 = Debug|Any CPU
		{2709D55F-D50F-4FE1-B14D-AA2F2B015EE7}.Debug|x86.ActiveCfg = Debug|Any CPU
		{2709D55F-D50F-4FE1-B14D-AA2F2B015EE7}.Debug|x86.Build.0 = Debug|Any CPU
		{2709D55F-D50F-4FE1-B14D-AA2F2B015EE7}.Release|Any CPU.ActiveCfg = Release|Any CPU
		{2709D55F-D50F-4FE1-B14D-AA2F2B015EE7}.Release|Any CPU.Build.0 = Release|Any CPU
		{2709D55F-D50F-4FE1-B14D-AA2F2B015EE7}.Release|x64.ActiveCfg = Release|Any CPU
		{2709D55F-D50F-4FE1-B14D-AA2F2B015EE7}.Release|x64.Build.0 = Release|Any CPU
		{2709D55F-D50F-4FE1-B14D-AA2F2B015EE7}.Release|x86.ActiveCfg = Release|Any CPU
		{2709D55F-D50F-4FE1-B14D-AA2F2B015EE7}.Release|x86.Build.0 = Release|Any CPU
		{4F0B50E4-F3B2-4C37-9624-4E096CED1B5A}.Debug|Any CPU.ActiveCfg = Debug|x64
		{4F0B50E4-F3B2-4C37-9624-4E096CED1B5A}.Debug|Any CPU.Build.0 = Debug|x64
		{4F0B50E4-F3B2-4C37-9624-4E096CED1B5A}.Debug|x64.ActiveCfg = Debug|x64
		{4F0B50E4-F3B2-4C37-9624-4E096CED1B5A}.Debug|x64.Build.0 = Debug|x64
		{4F0B50E4-F3B2-4C37-9624-4E096CED1B5A}.Debug|x86.ActiveCfg = Debug|Win32
		{4F0B50E4-F3B2-4C37-9624-4E096CED1B5A}.Debug|x86.Build.0 = Debug|Win32
		{4F0B50E4-F3B2-4C37-9624-4E096CED1B5A}.Release|Any CPU.ActiveCfg = Release|Win32
		{4F0B50E4-F3B2-4C37-9624-4E096CED1B5A}.Release|x64.ActiveCfg = Release|x64
		{4F0B50E4-F3B2-4C37-9624-4E096CED1B5A}.Release|x64.Build.0 = Release|x64
		{4F0B50E4-F3B2-4C37-9624-4E096CED1B5A}.Release|x86.ActiveCfg = Release|Win32
		{4F0B50E4-F3B2-4C37-9624-4E096CED1B5A}.Release|x86.Build.0 = Release|Win32
		{A29D2221-D4BA-4CD0-9D71-0CFDF33C7582}.Debug|Any CPU.ActiveCfg = Debug|x64
		{A29D2221-D4BA-4CD0-9D71-0CFDF33C7582}.Debug|Any CPU.Build.0 = Debug|x64
		{A29D2221-D4BA-4CD0-9D71-0CFDF33C7582}.Debug|x64.ActiveCfg = Debug|x64
		{A29D2221-D4BA-4CD0-9D71-0CFDF33C7582}.Debug|x64.Build.0 = Debug|x64
		{A29D2221-D4BA-4CD0-9D71-0CFDF33C7582}.Debug|x86.ActiveCfg = Debug|Win32
		{A29D2221-D4BA-4CD0-9D71-0CFDF33C7582}.Debug|x86.Build.0 = Debug|Win32
		{A29D2221-D4BA-4CD0-9D71-0CFDF33C7582}.Release|Any CPU.ActiveCfg = Release|Win32
		{A29D2221-D4BA-4CD0-9D71-0CFDF33C7582}.Release|x64.ActiveCfg = Release|x64
		{A29D2221-D4BA-4CD0-9D71-0CFDF33C7582}.Release|x64.Build.0 = Release|x64
		{A29D2221-D4BA-4CD0-9D71-0CFDF33C7582}.Release|x86.ActiveCfg = Release|Win32
		{A29D2221-D4BA-4CD0-9D71-0CFDF33C7582}.Release|x86.Build.0 = Release|Win32
		{18AA405C-8342-4F02-8933-A33F91DB4979}.Debug|Any CPU.ActiveCfg = Debug|x64
		{18AA405C-8342-4F02-8933-A33F91DB4979}.Debug|Any CPU.Build.0 = Debug|x64
		{18AA405C-8342-4F02-8933-A33F91DB4979}.Debug|x64.ActiveCfg = Debug|x64
		{18AA405C-8342-4F02-8933-A33F91DB4979}.Debug|x64.Build.0 = Debug|x64
		{18AA405C-8342-4F02-8933-A33F91DB4979}.Debug|x86.ActiveCfg = Debug|Win32
		{18AA405C-8342-4F02-8933-A33F91DB4979}.Debug|x86.Build.0 = Debug|Win32
		{18AA405C-8342-4F02-8933-A33F91DB4979}.Release|Any CPU.ActiveCfg = Release|Win32
		{18AA405C-8342-4F02-8933-A33F91DB4979}.Release|x64.ActiveCfg = Release|x64
		{18AA405C-8342-4F02-8933-A33F91DB4979}.Release|x64.Build.0 = Release|x64
		{18AA405C-8342-4F02-8933-A33F91DB4979}.Release|x86.ActiveCfg = Release|Win32
		{18AA405C-8342-4F02-8933-A33F91DB4979}.Release|x86.Build.0 = Release|Win32
		{6B42DDC8-D7B6-4BDD-858F-CF93FCC60E7D}.Debug|Any CPU.ActiveCfg = Debug|Any CPU
		{6B42DDC8-D7B6-4BDD-858F-CF93FCC60E7D}.Debug|Any CPU.Build.0 = Debug|Any CPU
		{6B42DDC8-D7B6-4BDD-858F-CF93FCC60E7D}.Debug|x64.ActiveCfg = Debug|Any CPU
		{6B42DDC8-D7B6-4BDD-858F-CF93FCC60E7D}.Debug|x64.Build.0 = Debug|Any CPU
		{6B42DDC8-D7B6-4BDD-858F-CF93FCC60E7D}.Debug|x86.ActiveCfg = Debug|Any CPU
		{6B42DDC8-D7B6-4BDD-858F-CF93FCC60E7D}.Debug|x86.Build.0 = Debug|Any CPU
		{6B42DDC8-D7B6-4BDD-858F-CF93FCC60E7D}.Release|Any CPU.ActiveCfg = Release|Any CPU
		{6B42DDC8-D7B6-4BDD-858F-CF93FCC60E7D}.Release|Any CPU.Build.0 = Release|Any CPU
		{6B42DDC8-D7B6-4BDD-858F-CF93FCC60E7D}.Release|x64.ActiveCfg = Release|Any CPU
		{6B42DDC8-D7B6-4BDD-858F-CF93FCC60E7D}.Release|x64.Build.0 = Release|Any CPU
		{6B42DDC8-D7B6-4BDD-858F-CF93FCC60E7D}.Release|x86.ActiveCfg = Release|Any CPU
		{6B42DDC8-D7B6-4BDD-858F-CF93FCC60E7D}.Release|x86.Build.0 = Release|Any CPU
		{5F06C4F6-05A1-463D-B654-BDCD88D10E88}.Debug|Any CPU.ActiveCfg = Debug|Any CPU
		{5F06C4F6-05A1-463D-B654-BDCD88D10E88}.Debug|Any CPU.Build.0 = Debug|Any CPU
		{5F06C4F6-05A1-463D-B654-BDCD88D10E88}.Debug|x64.ActiveCfg = Debug|Any CPU
		{5F06C4F6-05A1-463D-B654-BDCD88D10E88}.Debug|x64.Build.0 = Debug|Any CPU
		{5F06C4F6-05A1-463D-B654-BDCD88D10E88}.Debug|x86.ActiveCfg = Debug|Any CPU
		{5F06C4F6-05A1-463D-B654-BDCD88D10E88}.Debug|x86.Build.0 = Debug|Any CPU
		{5F06C4F6-05A1-463D-B654-BDCD88D10E88}.Release|Any CPU.ActiveCfg = Release|Any CPU
		{5F06C4F6-05A1-463D-B654-BDCD88D10E88}.Release|Any CPU.Build.0 = Release|Any CPU
		{5F06C4F6-05A1-463D-B654-BDCD88D10E88}.Release|x64.ActiveCfg = Release|Any CPU
		{5F06C4F6-05A1-463D-B654-BDCD88D10E88}.Release|x64.Build.0 = Release|Any CPU
		{5F06C4F6-05A1-463D-B654-BDCD88D10E88}.Release|x86.ActiveCfg = Release|Any CPU
		{5F06C4F6-05A1-463D-B654-BDCD88D10E88}.Release|x86.Build.0 = Release|Any CPU
		{7ECE47B5-54D1-4A8E-B464-23B8CD3F61A4}.Debug|Any CPU.ActiveCfg = Debug|x64
		{7ECE47B5-54D1-4A8E-B464-23B8CD3F61A4}.Debug|Any CPU.Build.0 = Debug|x64
		{7ECE47B5-54D1-4A8E-B464-23B8CD3F61A4}.Debug|x64.ActiveCfg = Debug|x64
		{7ECE47B5-54D1-4A8E-B464-23B8CD3F61A4}.Debug|x64.Build.0 = Debug|x64
		{7ECE47B5-54D1-4A8E-B464-23B8CD3F61A4}.Debug|x86.ActiveCfg = Debug|Win32
		{7ECE47B5-54D1-4A8E-B464-23B8CD3F61A4}.Debug|x86.Build.0 = Debug|Win32
		{7ECE47B5-54D1-4A8E-B464-23B8CD3F61A4}.Release|Any CPU.ActiveCfg = Release|Win32
		{7ECE47B5-54D1-4A8E-B464-23B8CD3F61A4}.Release|x64.ActiveCfg = Release|x64
		{7ECE47B5-54D1-4A8E-B464-23B8CD3F61A4}.Release|x64.Build.0 = Release|x64
		{7ECE47B5-54D1-4A8E-B464-23B8CD3F61A4}.Release|x86.ActiveCfg = Release|Win32
		{7ECE47B5-54D1-4A8E-B464-23B8CD3F61A4}.Release|x86.Build.0 = Release|Win32
		{60750081-914B-4D3F-8D1E-A2ED923099F1}.Debug|Any CPU.ActiveCfg = Debug|x64
		{60750081-914B-4D3F-8D1E-A2ED923099F1}.Debug|Any CPU.Build.0 = Debug|x64
		{60750081-914B-4D3F-8D1E-A2ED923099F1}.Debug|x64.ActiveCfg = Debug|x64
		{60750081-914B-4D3F-8D1E-A2ED923099F1}.Debug|x64.Build.0 = Debug|x64
		{60750081-914B-4D3F-8D1E-A2ED923099F1}.Debug|x86.ActiveCfg = Debug|Win32
		{60750081-914B-4D3F-8D1E-A2ED923099F1}.Debug|x86.Build.0 = Debug|Win32
		{60750081-914B-4D3F-8D1E-A2ED923099F1}.Release|Any CPU.ActiveCfg = Release|Win32
		{60750081-914B-4D3F-8D1E-A2ED923099F1}.Release|x64.ActiveCfg = Release|x64
		{60750081-914B-4D3F-8D1E-A2ED923099F1}.Release|x64.Build.0 = Release|x64
		{60750081-914B-4D3F-8D1E-A2ED923099F1}.Release|x86.ActiveCfg = Release|Win32
		{60750081-914B-4D3F-8D1E-A2ED923099F1}.Release|x86.Build.0 = Release|Win32
		{8BF71962-DA64-4F66-A000-846B1184ADEC}.Debug|Any CPU.ActiveCfg = Debug|Any CPU
		{8BF71962-DA64-4F66-A000-846B1184ADEC}.Debug|Any CPU.Build.0 = Debug|Any CPU
		{8BF71962-DA64-4F66-A000-846B1184ADEC}.Debug|x64.ActiveCfg = Debug|Any CPU
		{8BF71962-DA64-4F66-A000-846B1184ADEC}.Debug|x64.Build.0 = Debug|Any CPU
		{8BF71962-DA64-4F66-A000-846B1184ADEC}.Debug|x86.ActiveCfg = Debug|Any CPU
		{8BF71962-DA64-4F66-A000-846B1184ADEC}.Debug|x86.Build.0 = Debug|Any CPU
		{8BF71962-DA64-4F66-A000-846B1184ADEC}.Release|Any CPU.ActiveCfg = Release|Any CPU
		{8BF71962-DA64-4F66-A000-846B1184ADEC}.Release|Any CPU.Build.0 = Release|Any CPU
		{8BF71962-DA64-4F66-A000-846B1184ADEC}.Release|x64.ActiveCfg = Release|Any CPU
		{8BF71962-DA64-4F66-A000-846B1184ADEC}.Release|x64.Build.0 = Release|Any CPU
		{8BF71962-DA64-4F66-A000-846B1184ADEC}.Release|x86.ActiveCfg = Release|Any CPU
		{8BF71962-DA64-4F66-A000-846B1184ADEC}.Release|x86.Build.0 = Release|Any CPU
		{6EFA579F-D58E-445A-9E16-ACE9413FE8CA}.Debug|Any CPU.ActiveCfg = Debug|x64
		{6EFA579F-D58E-445A-9E16-ACE9413FE8CA}.Debug|Any CPU.Build.0 = Debug|x64
		{6EFA579F-D58E-445A-9E16-ACE9413FE8CA}.Debug|x64.ActiveCfg = Debug|x64
		{6EFA579F-D58E-445A-9E16-ACE9413FE8CA}.Debug|x64.Build.0 = Debug|x64
		{6EFA579F-D58E-445A-9E16-ACE9413FE8CA}.Debug|x86.ActiveCfg = Debug|Win32
		{6EFA579F-D58E-445A-9E16-ACE9413FE8CA}.Debug|x86.Build.0 = Debug|Win32
		{6EFA579F-D58E-445A-9E16-ACE9413FE8CA}.Release|Any CPU.ActiveCfg = Release|Win32
		{6EFA579F-D58E-445A-9E16-ACE9413FE8CA}.Release|x64.ActiveCfg = Release|x64
		{6EFA579F-D58E-445A-9E16-ACE9413FE8CA}.Release|x64.Build.0 = Release|x64
		{6EFA579F-D58E-445A-9E16-ACE9413FE8CA}.Release|x86.ActiveCfg = Release|Win32
		{6EFA579F-D58E-445A-9E16-ACE9413FE8CA}.Release|x86.Build.0 = Release|Win32
	EndGlobalSection
	GlobalSection(SolutionProperties) = preSolution
		HideSolutionNode = FALSE
	EndGlobalSection
	GlobalSection(ExtensibilityGlobals) = postSolution
		SolutionGuid = {883A2E1B-D876-4B76-BD0D-D9BFACF49C19}
	EndGlobalSection
EndGlobal
