
Microsoft Visual Studio Solution File, Format Version 12.00
# Visual Studio Version 16
VisualStudioVersion = 16.0.29806.167
MinimumVisualStudioVersion = 10.0.40219.1
Project("{9A19103F-16F7-4668-BE54-9A1E7A4F7556}") = "RegularExpressions.Transformer", "RegularExpressions.Transformer\RegularExpressions.Transformer.csproj", "{7DD0CB6B-F8B0-4994-ADD2-254DAAE51C40}"
EndProject
Project("{9A19103F-16F7-4668-BE54-9A1E7A4F7556}") = "RegularExpressions.Transformer.CSharpToCpp", "RegularExpressions.Transformer.CSharpToCpp\RegularExpressions.Transformer.CSharpToCpp.csproj", "{860BDACB-13BF-4B01-AA4F-A72F1A5273D0}"
EndProject
Project("{9A19103F-16F7-4668-BE54-9A1E7A4F7556}") = "CSharpToCppTranslator", "CSharpToCppTranslator\CSharpToCppTranslator.csproj", "{5FD372AA-15CB-47FF-8DAB-3678A751EF99}"
EndProject
Project("{9A19103F-16F7-4668-BE54-9A1E7A4F7556}") = "Platform.Interfaces", "Platform.Interfaces\Platform.Interfaces.csproj", "{C05000F1-C620-4781-9733-95CD32EB1A25}"
	ProjectSection(ProjectDependencies) = postProject
		{5FD372AA-15CB-47FF-8DAB-3678A751EF99} = {5FD372AA-15CB-47FF-8DAB-3678A751EF99}
	EndProjectSection
EndProject
Project("{8BC9CEB8-8B4A-11D0-8D11-00A0C91BC942}") = "Platform.Interfaces.TemplateLibrary", "..\..\Interfaces\cpp\Platform.Interfaces\Platform.Interfaces.TemplateLibrary.vcxproj", "{9E967B6A-E518-4A44-ABC6-3162C0D8F3A4}"
	ProjectSection(ProjectDependencies) = postProject
		{C05000F1-C620-4781-9733-95CD32EB1A25} = {C05000F1-C620-4781-9733-95CD32EB1A25}
	EndProjectSection
EndProject
Project("{8BC9CEB8-8B4A-11D0-8D11-00A0C91BC942}") = "Platform.Interfaces.TemplateLibrary.Tests", "..\..\Interfaces\cpp\Platform.Interfaces.Tests\Platform.Interfaces.TemplateLibrary.Tests.vcxproj", "{8D50757E-6191-4D9D-8B9D-263BC187E785}"
	ProjectSection(ProjectDependencies) = postProject
		{73BE1D33-D38D-46FB-B61A-C2B4BF23B045} = {73BE1D33-D38D-46FB-B61A-C2B4BF23B045}
		{9E967B6A-E518-4A44-ABC6-3162C0D8F3A4} = {9E967B6A-E518-4A44-ABC6-3162C0D8F3A4}
	EndProjectSection
EndProject
Project("{9A19103F-16F7-4668-BE54-9A1E7A4F7556}") = "Platform.Interfaces.Tests", "Platform.Interfaces.Tests\Platform.Interfaces.Tests.csproj", "{73BE1D33-D38D-46FB-B61A-C2B4BF23B045}"
EndProject
Project("{9A19103F-16F7-4668-BE54-9A1E7A4F7556}") = "Platform.Exceptions", "Platform.Exceptions\Platform.Exceptions.csproj", "{98F35339-88E4-4168-8574-586A86AA8DE5}"
	ProjectSection(ProjectDependencies) = postProject
		{5FD372AA-15CB-47FF-8DAB-3678A751EF99} = {5FD372AA-15CB-47FF-8DAB-3678A751EF99}
	EndProjectSection
EndProject
Project("{9A19103F-16F7-4668-BE54-9A1E7A4F7556}") = "Platform.Exceptions.Tests", "Platform.Exceptions.Tests\Platform.Exceptions.Tests.csproj", "{52EBF95F-C655-4683-A677-2B065045A6E3}"
EndProject
Project("{8BC9CEB8-8B4A-11D0-8D11-00A0C91BC942}") = "Platform.Exceptions.TemplateLibrary", "..\..\Exceptions\cpp\Platform.Exceptions\Platform.Exceptions.TemplateLibrary.vcxproj", "{A032E5B1-D641-4211-98C1-DE34EF72380F}"
	ProjectSection(ProjectDependencies) = postProject
		{98F35339-88E4-4168-8574-586A86AA8DE5} = {98F35339-88E4-4168-8574-586A86AA8DE5}
	EndProjectSection
EndProject
Project("{8BC9CEB8-8B4A-11D0-8D11-00A0C91BC942}") = "Platform.Exceptions.TemplateLibrary.Tests", "..\..\Exceptions\cpp\Platform.Exceptions.Tests\Platform.Exceptions.TemplateLibrary.Tests.vcxproj", "{D581C66B-13C8-48BF-B634-982C18D01DEE}"
	ProjectSection(ProjectDependencies) = postProject
		{52EBF95F-C655-4683-A677-2B065045A6E3} = {52EBF95F-C655-4683-A677-2B065045A6E3}
		{A032E5B1-D641-4211-98C1-DE34EF72380F} = {A032E5B1-D641-4211-98C1-DE34EF72380F}
	EndProjectSection
EndProject
Global
	GlobalSection(SolutionConfigurationPlatforms) = preSolution
		Debug|Any CPU = Debug|Any CPU
		Debug|x64 = Debug|x64
		Debug|x86 = Debug|x86
		Release|Any CPU = Release|Any CPU
		Release|x64 = Release|x64
		Release|x86 = Release|x86
	EndGlobalSection
	GlobalSection(ProjectConfigurationPlatforms) = postSolution
		{7DD0CB6B-F8B0-4994-ADD2-254DAAE51C40}.Debug|Any CPU.ActiveCfg = Debug|Any CPU
		{7DD0CB6B-F8B0-4994-ADD2-254DAAE51C40}.Debug|Any CPU.Build.0 = Debug|Any CPU
		{7DD0CB6B-F8B0-4994-ADD2-254DAAE51C40}.Debug|x64.ActiveCfg = Debug|Any CPU
		{7DD0CB6B-F8B0-4994-ADD2-254DAAE51C40}.Debug|x64.Build.0 = Debug|Any CPU
		{7DD0CB6B-F8B0-4994-ADD2-254DAAE51C40}.Debug|x86.ActiveCfg = Debug|Any CPU
		{7DD0CB6B-F8B0-4994-ADD2-254DAAE51C40}.Debug|x86.Build.0 = Debug|Any CPU
		{7DD0CB6B-F8B0-4994-ADD2-254DAAE51C40}.Release|Any CPU.ActiveCfg = Release|Any CPU
		{7DD0CB6B-F8B0-4994-ADD2-254DAAE51C40}.Release|Any CPU.Build.0 = Release|Any CPU
		{7DD0CB6B-F8B0-4994-ADD2-254DAAE51C40}.Release|x64.ActiveCfg = Release|Any CPU
		{7DD0CB6B-F8B0-4994-ADD2-254DAAE51C40}.Release|x64.Build.0 = Release|Any CPU
		{7DD0CB6B-F8B0-4994-ADD2-254DAAE51C40}.Release|x86.ActiveCfg = Release|Any CPU
		{7DD0CB6B-F8B0-4994-ADD2-254DAAE51C40}.Release|x86.Build.0 = Release|Any CPU
		{860BDACB-13BF-4B01-AA4F-A72F1A5273D0}.Debug|Any CPU.ActiveCfg = Debug|Any CPU
		{860BDACB-13BF-4B01-AA4F-A72F1A5273D0}.Debug|Any CPU.Build.0 = Debug|Any CPU
		{860BDACB-13BF-4B01-AA4F-A72F1A5273D0}.Debug|x64.ActiveCfg = Debug|Any CPU
		{860BDACB-13BF-4B01-AA4F-A72F1A5273D0}.Debug|x64.Build.0 = Debug|Any CPU
		{860BDACB-13BF-4B01-AA4F-A72F1A5273D0}.Debug|x86.ActiveCfg = Debug|Any CPU
		{860BDACB-13BF-4B01-AA4F-A72F1A5273D0}.Debug|x86.Build.0 = Debug|Any CPU
		{860BDACB-13BF-4B01-AA4F-A72F1A5273D0}.Release|Any CPU.ActiveCfg = Release|Any CPU
		{860BDACB-13BF-4B01-AA4F-A72F1A5273D0}.Release|Any CPU.Build.0 = Release|Any CPU
		{860BDACB-13BF-4B01-AA4F-A72F1A5273D0}.Release|x64.ActiveCfg = Release|Any CPU
		{860BDACB-13BF-4B01-AA4F-A72F1A5273D0}.Release|x64.Build.0 = Release|Any CPU
		{860BDACB-13BF-4B01-AA4F-A72F1A5273D0}.Release|x86.ActiveCfg = Release|Any CPU
		{860BDACB-13BF-4B01-AA4F-A72F1A5273D0}.Release|x86.Build.0 = Release|Any CPU
		{5FD372AA-15CB-47FF-8DAB-3678A751EF99}.Debug|Any CPU.ActiveCfg = Debug|Any CPU
		{5FD372AA-15CB-47FF-8DAB-3678A751EF99}.Debug|Any CPU.Build.0 = Debug|Any CPU
		{5FD372AA-15CB-47FF-8DAB-3678A751EF99}.Debug|x64.ActiveCfg = Debug|Any CPU
		{5FD372AA-15CB-47FF-8DAB-3678A751EF99}.Debug|x64.Build.0 = Debug|Any CPU
		{5FD372AA-15CB-47FF-8DAB-3678A751EF99}.Debug|x86.ActiveCfg = Debug|Any CPU
		{5FD372AA-15CB-47FF-8DAB-3678A751EF99}.Debug|x86.Build.0 = Debug|Any CPU
		{5FD372AA-15CB-47FF-8DAB-3678A751EF99}.Release|Any CPU.ActiveCfg = Release|Any CPU
		{5FD372AA-15CB-47FF-8DAB-3678A751EF99}.Release|Any CPU.Build.0 = Release|Any CPU
		{5FD372AA-15CB-47FF-8DAB-3678A751EF99}.Release|x64.ActiveCfg = Release|Any CPU
		{5FD372AA-15CB-47FF-8DAB-3678A751EF99}.Release|x64.Build.0 = Release|Any CPU
		{5FD372AA-15CB-47FF-8DAB-3678A751EF99}.Release|x86.ActiveCfg = Release|Any CPU
		{5FD372AA-15CB-47FF-8DAB-3678A751EF99}.Release|x86.Build.0 = Release|Any CPU
		{C05000F1-C620-4781-9733-95CD32EB1A25}.Debug|Any CPU.ActiveCfg = Debug|Any CPU
		{C05000F1-C620-4781-9733-95CD32EB1A25}.Debug|Any CPU.Build.0 = Debug|Any CPU
		{C05000F1-C620-4781-9733-95CD32EB1A25}.Debug|x64.ActiveCfg = Debug|Any CPU
		{C05000F1-C620-4781-9733-95CD32EB1A25}.Debug|x64.Build.0 = Debug|Any CPU
		{C05000F1-C620-4781-9733-95CD32EB1A25}.Debug|x86.ActiveCfg = Debug|Any CPU
		{C05000F1-C620-4781-9733-95CD32EB1A25}.Debug|x86.Build.0 = Debug|Any CPU
		{C05000F1-C620-4781-9733-95CD32EB1A25}.Release|Any CPU.ActiveCfg = Release|Any CPU
		{C05000F1-C620-4781-9733-95CD32EB1A25}.Release|Any CPU.Build.0 = Release|Any CPU
		{C05000F1-C620-4781-9733-95CD32EB1A25}.Release|x64.ActiveCfg = Release|Any CPU
		{C05000F1-C620-4781-9733-95CD32EB1A25}.Release|x64.Build.0 = Release|Any CPU
		{C05000F1-C620-4781-9733-95CD32EB1A25}.Release|x86.ActiveCfg = Release|Any CPU
		{C05000F1-C620-4781-9733-95CD32EB1A25}.Release|x86.Build.0 = Release|Any CPU
		{9E967B6A-E518-4A44-ABC6-3162C0D8F3A4}.Debug|Any CPU.ActiveCfg = Debug|Win32
		{9E967B6A-E518-4A44-ABC6-3162C0D8F3A4}.Debug|x64.ActiveCfg = Debug|x64
		{9E967B6A-E518-4A44-ABC6-3162C0D8F3A4}.Debug|x64.Build.0 = Debug|x64
		{9E967B6A-E518-4A44-ABC6-3162C0D8F3A4}.Debug|x86.ActiveCfg = Debug|Win32
		{9E967B6A-E518-4A44-ABC6-3162C0D8F3A4}.Debug|x86.Build.0 = Debug|Win32
		{9E967B6A-E518-4A44-ABC6-3162C0D8F3A4}.Release|Any CPU.ActiveCfg = Release|Win32
		{9E967B6A-E518-4A44-ABC6-3162C0D8F3A4}.Release|x64.ActiveCfg = Release|x64
		{9E967B6A-E518-4A44-ABC6-3162C0D8F3A4}.Release|x64.Build.0 = Release|x64
		{9E967B6A-E518-4A44-ABC6-3162C0D8F3A4}.Release|x86.ActiveCfg = Release|Win32
		{9E967B6A-E518-4A44-ABC6-3162C0D8F3A4}.Release|x86.Build.0 = Release|Win32
		{8D50757E-6191-4D9D-8B9D-263BC187E785}.Debug|Any CPU.ActiveCfg = Debug|Win32
		{8D50757E-6191-4D9D-8B9D-263BC187E785}.Debug|x64.ActiveCfg = Debug|x64
		{8D50757E-6191-4D9D-8B9D-263BC187E785}.Debug|x64.Build.0 = Debug|x64
		{8D50757E-6191-4D9D-8B9D-263BC187E785}.Debug|x86.ActiveCfg = Debug|Win32
		{8D50757E-6191-4D9D-8B9D-263BC187E785}.Debug|x86.Build.0 = Debug|Win32
		{8D50757E-6191-4D9D-8B9D-263BC187E785}.Release|Any CPU.ActiveCfg = Release|Win32
		{8D50757E-6191-4D9D-8B9D-263BC187E785}.Release|x64.ActiveCfg = Release|x64
		{8D50757E-6191-4D9D-8B9D-263BC187E785}.Release|x64.Build.0 = Release|x64
		{8D50757E-6191-4D9D-8B9D-263BC187E785}.Release|x86.ActiveCfg = Release|Win32
		{8D50757E-6191-4D9D-8B9D-263BC187E785}.Release|x86.Build.0 = Release|Win32
		{73BE1D33-D38D-46FB-B61A-C2B4BF23B045}.Debug|Any CPU.ActiveCfg = Debug|Any CPU
		{73BE1D33-D38D-46FB-B61A-C2B4BF23B045}.Debug|Any CPU.Build.0 = Debug|Any CPU
		{73BE1D33-D38D-46FB-B61A-C2B4BF23B045}.Debug|x64.ActiveCfg = Debug|Any CPU
		{73BE1D33-D38D-46FB-B61A-C2B4BF23B045}.Debug|x64.Build.0 = Debug|Any CPU
		{73BE1D33-D38D-46FB-B61A-C2B4BF23B045}.Debug|x86.ActiveCfg = Debug|Any CPU
		{73BE1D33-D38D-46FB-B61A-C2B4BF23B045}.Debug|x86.Build.0 = Debug|Any CPU
		{73BE1D33-D38D-46FB-B61A-C2B4BF23B045}.Release|Any CPU.ActiveCfg = Release|Any CPU
		{73BE1D33-D38D-46FB-B61A-C2B4BF23B045}.Release|Any CPU.Build.0 = Release|Any CPU
		{73BE1D33-D38D-46FB-B61A-C2B4BF23B045}.Release|x64.ActiveCfg = Release|Any CPU
		{73BE1D33-D38D-46FB-B61A-C2B4BF23B045}.Release|x64.Build.0 = Release|Any CPU
		{73BE1D33-D38D-46FB-B61A-C2B4BF23B045}.Release|x86.ActiveCfg = Release|Any CPU
		{73BE1D33-D38D-46FB-B61A-C2B4BF23B045}.Release|x86.Build.0 = Release|Any CPU
		{98F35339-88E4-4168-8574-586A86AA8DE5}.Debug|Any CPU.ActiveCfg = Debug|Any CPU
		{98F35339-88E4-4168-8574-586A86AA8DE5}.Debug|Any CPU.Build.0 = Debug|Any CPU
		{98F35339-88E4-4168-8574-586A86AA8DE5}.Debug|x64.ActiveCfg = Debug|Any CPU
		{98F35339-88E4-4168-8574-586A86AA8DE5}.Debug|x64.Build.0 = Debug|Any CPU
		{98F35339-88E4-4168-8574-586A86AA8DE5}.Debug|x86.ActiveCfg = Debug|Any CPU
		{98F35339-88E4-4168-8574-586A86AA8DE5}.Debug|x86.Build.0 = Debug|Any CPU
		{98F35339-88E4-4168-8574-586A86AA8DE5}.Release|Any CPU.ActiveCfg = Release|Any CPU
		{98F35339-88E4-4168-8574-586A86AA8DE5}.Release|Any CPU.Build.0 = Release|Any CPU
		{98F35339-88E4-4168-8574-586A86AA8DE5}.Release|x64.ActiveCfg = Release|Any CPU
		{98F35339-88E4-4168-8574-586A86AA8DE5}.Release|x64.Build.0 = Release|Any CPU
		{98F35339-88E4-4168-8574-586A86AA8DE5}.Release|x86.ActiveCfg = Release|Any CPU
		{98F35339-88E4-4168-8574-586A86AA8DE5}.Release|x86.Build.0 = Release|Any CPU
		{52EBF95F-C655-4683-A677-2B065045A6E3}.Debug|Any CPU.ActiveCfg = Debug|Any CPU
		{52EBF95F-C655-4683-A677-2B065045A6E3}.Debug|Any CPU.Build.0 = Debug|Any CPU
		{52EBF95F-C655-4683-A677-2B065045A6E3}.Debug|x64.ActiveCfg = Debug|Any CPU
		{52EBF95F-C655-4683-A677-2B065045A6E3}.Debug|x64.Build.0 = Debug|Any CPU
		{52EBF95F-C655-4683-A677-2B065045A6E3}.Debug|x86.ActiveCfg = Debug|Any CPU
		{52EBF95F-C655-4683-A677-2B065045A6E3}.Debug|x86.Build.0 = Debug|Any CPU
		{52EBF95F-C655-4683-A677-2B065045A6E3}.Release|Any CPU.ActiveCfg = Release|Any CPU
		{52EBF95F-C655-4683-A677-2B065045A6E3}.Release|Any CPU.Build.0 = Release|Any CPU
		{52EBF95F-C655-4683-A677-2B065045A6E3}.Release|x64.ActiveCfg = Release|Any CPU
		{52EBF95F-C655-4683-A677-2B065045A6E3}.Release|x64.Build.0 = Release|Any CPU
		{52EBF95F-C655-4683-A677-2B065045A6E3}.Release|x86.ActiveCfg = Release|Any CPU
		{52EBF95F-C655-4683-A677-2B065045A6E3}.Release|x86.Build.0 = Release|Any CPU
		{A032E5B1-D641-4211-98C1-DE34EF72380F}.Debug|Any CPU.ActiveCfg = Debug|Win32
		{A032E5B1-D641-4211-98C1-DE34EF72380F}.Debug|x64.ActiveCfg = Debug|x64
		{A032E5B1-D641-4211-98C1-DE34EF72380F}.Debug|x64.Build.0 = Debug|x64
		{A032E5B1-D641-4211-98C1-DE34EF72380F}.Debug|x86.ActiveCfg = Debug|Win32
		{A032E5B1-D641-4211-98C1-DE34EF72380F}.Debug|x86.Build.0 = Debug|Win32
		{A032E5B1-D641-4211-98C1-DE34EF72380F}.Release|Any CPU.ActiveCfg = Release|Win32
		{A032E5B1-D641-4211-98C1-DE34EF72380F}.Release|x64.ActiveCfg = Release|x64
		{A032E5B1-D641-4211-98C1-DE34EF72380F}.Release|x64.Build.0 = Release|x64
		{A032E5B1-D641-4211-98C1-DE34EF72380F}.Release|x86.ActiveCfg = Release|Win32
		{A032E5B1-D641-4211-98C1-DE34EF72380F}.Release|x86.Build.0 = Release|Win32
		{D581C66B-13C8-48BF-B634-982C18D01DEE}.Debug|Any CPU.ActiveCfg = Debug|Win32
		{D581C66B-13C8-48BF-B634-982C18D01DEE}.Debug|x64.ActiveCfg = Debug|x64
		{D581C66B-13C8-48BF-B634-982C18D01DEE}.Debug|x64.Build.0 = Debug|x64
		{D581C66B-13C8-48BF-B634-982C18D01DEE}.Debug|x86.ActiveCfg = Debug|Win32
		{D581C66B-13C8-48BF-B634-982C18D01DEE}.Debug|x86.Build.0 = Debug|Win32
		{D581C66B-13C8-48BF-B634-982C18D01DEE}.Release|Any CPU.ActiveCfg = Release|Win32
		{D581C66B-13C8-48BF-B634-982C18D01DEE}.Release|x64.ActiveCfg = Release|x64
		{D581C66B-13C8-48BF-B634-982C18D01DEE}.Release|x64.Build.0 = Release|x64
		{D581C66B-13C8-48BF-B634-982C18D01DEE}.Release|x86.ActiveCfg = Release|Win32
		{D581C66B-13C8-48BF-B634-982C18D01DEE}.Release|x86.Build.0 = Release|Win32
	EndGlobalSection
	GlobalSection(SolutionProperties) = preSolution
		HideSolutionNode = FALSE
	EndGlobalSection
	GlobalSection(ExtensibilityGlobals) = postSolution
		SolutionGuid = {883A2E1B-D876-4B76-BD0D-D9BFACF49C19}
	EndGlobalSection
EndGlobal
